
Microsoft Visual Studio Solution File, Format Version 12.00
# Visual Studio 14
VisualStudioVersion = 14.0.24720.0
MinimumVisualStudioVersion = 10.0.40219.1
Project("{FAE04EC0-301F-11D3-BF4B-00C04F79EFBC}") = "CodingService", "CodingService\CodingService.csproj", "{40DDAF89-6C86-4D13-BDF2-9DFFFE743A64}"
EndProject
Project("{FAE04EC0-301F-11D3-BF4B-00C04F79EFBC}") = "TestHarness", "TestHarness\TestHarness.csproj", "{0E6BBE22-1D6B-4993-8104-29FE14059297}"
	ProjectSection(ProjectDependencies) = postProject
		{40DDAF89-6C86-4D13-BDF2-9DFFFE743A64} = {40DDAF89-6C86-4D13-BDF2-9DFFFE743A64}
	EndProjectSection
EndProject
Global
	GlobalSection(SolutionConfigurationPlatforms) = preSolution
		Debug|Any CPU = Debug|Any CPU
		Release|Any CPU = Release|Any CPU
	EndGlobalSection
	GlobalSection(ProjectConfigurationPlatforms) = postSolution
		{40DDAF89-6C86-4D13-BDF2-9DFFFE743A64}.Debug|Any CPU.ActiveCfg = Debug|Any CPU
		{40DDAF89-6C86-4D13-BDF2-9DFFFE743A64}.Debug|Any CPU.Build.0 = Debug|Any CPU
		{40DDAF89-6C86-4D13-BDF2-9DFFFE743A64}.Release|Any CPU.ActiveCfg = Release|Any CPU
		{40DDAF89-6C86-4D13-BDF2-9DFFFE743A64}.Release|Any CPU.Build.0 = Release|Any CPU
		{0E6BBE22-1D6B-4993-8104-29FE14059297}.Debug|Any CPU.ActiveCfg = Debug|Any CPU
		{0E6BBE22-1D6B-4993-8104-29FE14059297}.Debug|Any CPU.Build.0 = Debug|Any CPU
		{0E6BBE22-1D6B-4993-8104-29FE14059297}.Release|Any CPU.ActiveCfg = Release|Any CPU
		{0E6BBE22-1D6B-4993-8104-29FE14059297}.Release|Any CPU.Build.0 = Release|Any CPU
	EndGlobalSection
	GlobalSection(SolutionProperties) = preSolution
		HideSolutionNode = FALSE
	EndGlobalSection
EndGlobal
